
Microsoft Visual Studio Solution File, Format Version 12.00
# Visual Studio Version 17
VisualStudioVersion = 17.0.31903.59
MinimumVisualStudioVersion = 10.0.40219.1
Project("{9A19103F-16F7-4668-BE54-9A1E7A4F7556}") = "Andy.X.Cli", "src\Andy.X.Cli\Andy.X.Cli.csproj", "{707756EF-1F67-4273-9C10-5C1AEEC5456A}"
EndProject
Global
	GlobalSection(SolutionConfigurationPlatforms) = preSolution
		Debug|Any CPU = Debug|Any CPU
		Release|Any CPU = Release|Any CPU
	EndGlobalSection
	GlobalSection(ProjectConfigurationPlatforms) = postSolution
		{707756EF-1F67-4273-9C10-5C1AEEC5456A}.Debug|Any CPU.ActiveCfg = Debug|Any CPU
		{707756EF-1F67-4273-9C10-5C1AEEC5456A}.Debug|Any CPU.Build.0 = Debug|Any CPU
		{707756EF-1F67-4273-9C10-5C1AEEC5456A}.Release|Any CPU.ActiveCfg = Release|Any CPU
		{707756EF-1F67-4273-9C10-5C1AEEC5456A}.Release|Any CPU.Build.0 = Release|Any CPU
	EndGlobalSection
	GlobalSection(SolutionProperties) = preSolution
		HideSolutionNode = FALSE
	EndGlobalSection
	GlobalSection(ExtensibilityGlobals) = postSolution
		SolutionGuid = {0FF537FB-FA55-42D1-9449-B894B6164D15}
	EndGlobalSection
EndGlobal
